{
  "name": "strapi-provider-email-nodemailer-smtp",
  "version": "1.0.0",
  "lockfileVersion": 1,
  "requires": true,
  "dependencies": {
    "lodash": {
      "version": "4.17.21",
      "resolved": "https://registry.npmjs.org/lodash/-/lodash-4.17.21.tgz",
      "integrity": "sha512-v2kDEe57lecTulaDIuNTPy3Ry4gLGJ6Z1O3vE1krgXZNrsQ+LFTGHVxVjcXPs17LhbZVGedAJv8XZ1tvj5FvSg=="
    },
    "nodemailer": {
      "version": "6.4.6",
      "resolved": "https://registry.npmjs.org/nodemailer/-/nodemailer-6.4.6.tgz",
      "integrity": "sha512-/kJ+FYVEm2HuUlw87hjSqTss+GU35D4giOpdSfGp7DO+5h6RlJj7R94YaYHOkoxu1CSaM0d3WRBtCzwXrY6MKA=="
    }
  }
}
